
Microsoft Visual Studio Solution File, Format Version 12.00
# Visual Studio Version 16
VisualStudioVersion = 16.0.31702.278
MinimumVisualStudioVersion = 10.0.40219.1
Project("{F184B08F-C81C-45F6-A57F-5ABD9991F28F}") = "VS2110code", "VS2110code\VS2110code.vbproj", "{10F75096-6A11-4F86-9559-B2DB6DB600D0}"
EndProject
Global
	GlobalSection(SolutionConfigurationPlatforms) = preSolution
		Debug|Any CPU = Debug|Any CPU
		Release|Any CPU = Release|Any CPU
	EndGlobalSection
	GlobalSection(ProjectConfigurationPlatforms) = postSolution
		{10F75096-6A11-4F86-9559-B2DB6DB600D0}.Debug|Any CPU.ActiveCfg = Debug|Any CPU
		{10F75096-6A11-4F86-9559-B2DB6DB600D0}.Debug|Any CPU.Build.0 = Debug|Any CPU
		{10F75096-6A11-4F86-9559-B2DB6DB600D0}.Release|Any CPU.ActiveCfg = Release|Any CPU
		{10F75096-6A11-4F86-9559-B2DB6DB600D0}.Release|Any CPU.Build.0 = Release|Any CPU
	EndGlobalSection
	GlobalSection(SolutionProperties) = preSolution
		HideSolutionNode = FALSE
	EndGlobalSection
	GlobalSection(ExtensibilityGlobals) = postSolution
		SolutionGuid = {FA852040-3352-4E30-AD76-5B9B1479A0F2}
	EndGlobalSection
EndGlobal
